{
    "_readme": [
        "This file locks the dependencies of your project to a known state",
        "Read more about it at https://getcomposer.org/doc/01-basic-usage.md#installing-dependencies",
        "This file is @generated automatically"
    ],
    "content-hash": "139cb617f841774d2ec222a3230d348b",
    "packages": [
        {
            "name": "owner888/phpspider",
            "version": "v2.1.7",
            "source": {
                "type": "git",
                "url": "https://github.com/owner888/phpspider.git",
                "reference": "c4f2e2702d047f9b8360b89a3795a650a3de70a2"
            },
            "dist": {
                "type": "zip",
                "url": "https://api.github.com/repos/owner888/phpspider/zipball/c4f2e2702d047f9b8360b89a3795a650a3de70a2",
                "reference": "c4f2e2702d047f9b8360b89a3795a650a3de70a2",
                "shasum": "",
                "mirrors": [
                    {
                        "url": "https://mirrors.aliyun.com/composer/dists/%package%/%reference%.%type%",
                        "preferred": true
                    }
                ]
            },
            "require": {
                "php": ">=5.5.0"
            },
            "suggest": {
                "ext-pcntl、ext-redis": "For better performance. "
            },
            "type": "library",
            "autoload": {
                "psr-4": {
                    "phpspider\\": "./"
                }
            },
            "notification-url": "https://packagist.org/downloads/",
            "license": [
                "MIT"
            ],
            "authors": [
                {
                    "name": "Seatle Yang",
                    "email": "seatle@foxmail.com",
                    "homepage": "http://www.phpspider.org",
                    "role": "Developer"
                }
            ],
            "description": "The PHPSpider Framework.",
            "homepage": "http://www.phpspider.org",
            "keywords": [
                "framework",
                "phpspider"
            ],
            "time": "2020-10-09T11:36:21+00:00"
        }
    ],
    "packages-dev": [],
    "aliases": [],
    "minimum-stability": "stable",
    "stability-flags": [],
    "prefer-stable": false,
    "prefer-lowest": false,
    "platform": [],
    "platform-dev": [],
    "plugin-api-version": "1.1.0"
}
